
Microsoft Visual Studio Solution File, Format Version 12.00
# Visual Studio Version 16
VisualStudioVersion = 16.0.34931.43
MinimumVisualStudioVersion = 10.0.40219.1
Project("{9A19103F-16F7-4668-BE54-9A1E7A4F7556}") = "ProgramacaoDoZero2019", "ProgramacaoDoZero2019\ProgramacaoDoZero2019.csproj", "{DD193EE0-9D23-4685-B42A-FE7260AA2093}"
EndProject
Project("{2150E333-8FDC-42A3-9474-1A3956D46DE8}") = "DbScripts", "DbScripts", "{E519C9A6-C7ED-4570-9499-93E4EFA9D15F}"
	ProjectSection(SolutionItems) = preProject
		ScriptsCriacao.sql = ScriptsCriacao.sql
	EndProjectSection
EndProject
Global
	GlobalSection(SolutionConfigurationPlatforms) = preSolution
		Debug|Any CPU = Debug|Any CPU
		Release|Any CPU = Release|Any CPU
	EndGlobalSection
	GlobalSection(ProjectConfigurationPlatforms) = postSolution
		{DD193EE0-9D23-4685-B42A-FE7260AA2093}.Debug|Any CPU.ActiveCfg = Debug|Any CPU
		{DD193EE0-9D23-4685-B42A-FE7260AA2093}.Debug|Any CPU.Build.0 = Debug|Any CPU
		{DD193EE0-9D23-4685-B42A-FE7260AA2093}.Release|Any CPU.ActiveCfg = Release|Any CPU
		{DD193EE0-9D23-4685-B42A-FE7260AA2093}.Release|Any CPU.Build.0 = Release|Any CPU
	EndGlobalSection
	GlobalSection(SolutionProperties) = preSolution
		HideSolutionNode = FALSE
	EndGlobalSection
	GlobalSection(ExtensibilityGlobals) = postSolution
		SolutionGuid = {B0F45CD8-FE3D-4B27-87F9-16E912058CBD}
	EndGlobalSection
EndGlobal
